{
  "name": "agent-fixture-smoke",
  "version": "0.1.0",
  "lockfileVersion": 3,
  "requires": true,
  "packages": {
    "": {
      "name": "agent-fixture-smoke",
      "version": "0.1.0",
      "license": "MIT",
      "bin": {
        "agent-fixture-smoke": "bin/agent-fixture-smoke.js"
      },
      "engines": {
        "node": ">=20"
      }
    }
  }
}
